// !$*UTF8*$!
{
	archiveVersion = 1;
	classes = {
	};
	objectVersion = 77;
	objects = {

/* Begin PBXBuildFile section */
		84F399BE2CE1E0E400C55918 /* Preview Assets.xcassets in Resources */ = {isa = PBXBuildFile; fileRef = 84F399B72CE1E0E400C55918 /* Preview Assets.xcassets */; };
		84F399BF2CE1E0E400C55918 /* Assets.xcassets in Resources */ = {isa = PBXBuildFile; fileRef = 84F399B92CE1E0E400C55918 /* Assets.xcassets */; };
		84F399C02CE1E0E400C55918 /* MainView.swift in Sources */ = {isa = PBXBuildFile; fileRef = 84F399BA2CE1E0E400C55918 /* MainView.swift */; };
		84F399C12CE1E0E400C55918 /* LinkUpApp.swift in Sources */ = {isa = PBXBuildFile; fileRef = 84F399BC2CE1E0E400C55918 /* LinkUpApp.swift */; };
		84F399E32CE1E4E200C55918 /* LaunchScreen.swift in Sources */ = {isa = PBXBuildFile; fileRef = 84F399E22CE1E4E200C55918 /* LaunchScreen.swift */; };
		84F399E82CE20EDF00C55918 /* SubmitButton.swift in Sources */ = {isa = PBXBuildFile; fileRef = 84F399E72CE20EDF00C55918 /* SubmitButton.swift */; };
		84F399F12CE2159100C55918 /* EnterPhonenumberView.swift in Sources */ = {isa = PBXBuildFile; fileRef = 84F399F02CE2159100C55918 /* EnterPhonenumberView.swift */; };
		84F399F62CE2204200C55918 /* CountryPicker in Frameworks */ = {isa = PBXBuildFile; productRef = 84F399F52CE2204200C55918 /* CountryPicker */; };
		84F399F82CE234B200C55918 /* YTextField.swift in Sources */ = {isa = PBXBuildFile; fileRef = 84F399F72CE234B200C55918 /* YTextField.swift */; };
		84F39A172CE237F800C55918 /* CostumTextFieldWithKeyboard.swift in Sources */ = {isa = PBXBuildFile; fileRef = 84F39A162CE237F800C55918 /* CostumTextFieldWithKeyboard.swift */; };
		84F39A192CE2381900C55918 /* CostumKeyboardView.swift in Sources */ = {isa = PBXBuildFile; fileRef = 84F39A182CE2381900C55918 /* CostumKeyboardView.swift */; };
		84F39A292CE317B600C55918 /* OTPView.swift in Sources */ = {isa = PBXBuildFile; fileRef = 84F39A282CE317B600C55918 /* OTPView.swift */; };
		84F39A2C2CE327E900C55918 /* SetUpProfileView.swift in Sources */ = {isa = PBXBuildFile; fileRef = 84F39A2B2CE327E900C55918 /* SetUpProfileView.swift */; };
		84F39A2E2CE350F200C55918 /* ImagePicker.swift in Sources */ = {isa = PBXBuildFile; fileRef = 84F39A2D2CE350F200C55918 /* ImagePicker.swift */; };
		84F39A312CE3527300C55918 /* CropViewController in Frameworks */ = {isa = PBXBuildFile; productRef = 84F39A302CE3527300C55918 /* CropViewController */; };
		84F39A332CE3527300C55918 /* TOCropViewController in Frameworks */ = {isa = PBXBuildFile; productRef = 84F39A322CE3527300C55918 /* TOCropViewController */; };
		84F39A372CE355B700C55918 /* ContactsView.swift in Sources */ = {isa = PBXBuildFile; fileRef = 84F39A362CE355B700C55918 /* ContactsView.swift */; };
		84F39A392CE355C400C55918 /* ChatsView.swift in Sources */ = {isa = PBXBuildFile; fileRef = 84F39A382CE355C400C55918 /* ChatsView.swift */; };
		84F39A3B2CE355D800C55918 /* MoreView.swift in Sources */ = {isa = PBXBuildFile; fileRef = 84F39A3A2CE355D800C55918 /* MoreView.swift */; };
		84F39A3D2CE355E000C55918 /* TabView.swift in Sources */ = {isa = PBXBuildFile; fileRef = 84F39A3C2CE355E000C55918 /* TabView.swift */; };
		84F39A432CE4776700C55918 /* AppViewModel.swift in Sources */ = {isa = PBXBuildFile; fileRef = 84F39A422CE4776700C55918 /* AppViewModel.swift */; };
/* End PBXBuildFile section */

/* Begin PBXContainerItemProxy section */
		84F3999B2CE1E04A00C55918 /* PBXContainerItemProxy */ = {
			isa = PBXContainerItemProxy;
			containerPortal = 84F399812CE1E04800C55918 /* Project object */;
			proxyType = 1;
			remoteGlobalIDString = 84F399882CE1E04800C55918;
			remoteInfo = LinkUp;
		};
		84F399A52CE1E04A00C55918 /* PBXContainerItemProxy */ = {
			isa = PBXContainerItemProxy;
			containerPortal = 84F399812CE1E04800C55918 /* Project object */;
			proxyType = 1;
			remoteGlobalIDString = 84F399882CE1E04800C55918;
			remoteInfo = LinkUp;
		};
/* End PBXContainerItemProxy section */

/* Begin PBXFileReference section */
		84F399892CE1E04800C55918 /* LinkUp.app */ = {isa = PBXFileReference; explicitFileType = wrapper.application; includeInIndex = 0; path = LinkUp.app; sourceTree = BUILT_PRODUCTS_DIR; };
		84F3999A2CE1E04A00C55918 /* LinkUpTests.xctest */ = {isa = PBXFileReference; explicitFileType = wrapper.cfbundle; includeInIndex = 0; path = LinkUpTests.xctest; sourceTree = BUILT_PRODUCTS_DIR; };
		84F399A42CE1E04A00C55918 /* LinkUpUITests.xctest */ = {isa = PBXFileReference; explicitFileType = wrapper.cfbundle; includeInIndex = 0; path = LinkUpUITests.xctest; sourceTree = BUILT_PRODUCTS_DIR; };
		84F399B72CE1E0E400C55918 /* Preview Assets.xcassets */ = {isa = PBXFileReference; lastKnownFileType = folder.assetcatalog; path = "Preview Assets.xcassets"; sourceTree = "<group>"; };
		84F399B92CE1E0E400C55918 /* Assets.xcassets */ = {isa = PBXFileReference; lastKnownFileType = folder.assetcatalog; path = Assets.xcassets; sourceTree = "<group>"; };
		84F399BA2CE1E0E400C55918 /* MainView.swift */ = {isa = PBXFileReference; lastKnownFileType = sourcecode.swift; path = MainView.swift; sourceTree = "<group>"; };
		84F399BB2CE1E0E400C55918 /* LinkUp.entitlements */ = {isa = PBXFileReference; lastKnownFileType = text.plist.entitlements; path = LinkUp.entitlements; sourceTree = "<group>"; };
		84F399BC2CE1E0E400C55918 /* LinkUpApp.swift */ = {isa = PBXFileReference; lastKnownFileType = sourcecode.swift; path = LinkUpApp.swift; sourceTree = "<group>"; };
		84F399E22CE1E4E200C55918 /* LaunchScreen.swift */ = {isa = PBXFileReference; lastKnownFileType = sourcecode.swift; path = LaunchScreen.swift; sourceTree = "<group>"; };
		84F399E72CE20EDF00C55918 /* SubmitButton.swift */ = {isa = PBXFileReference; lastKnownFileType = sourcecode.swift; path = SubmitButton.swift; sourceTree = "<group>"; };
		84F399F02CE2159100C55918 /* EnterPhonenumberView.swift */ = {isa = PBXFileReference; lastKnownFileType = sourcecode.swift; path = EnterPhonenumberView.swift; sourceTree = "<group>"; };
		84F399F72CE234B200C55918 /* YTextField.swift */ = {isa = PBXFileReference; lastKnownFileType = sourcecode.swift; path = YTextField.swift; sourceTree = "<group>"; };
		84F39A162CE237F800C55918 /* CostumTextFieldWithKeyboard.swift */ = {isa = PBXFileReference; lastKnownFileType = sourcecode.swift; path = CostumTextFieldWithKeyboard.swift; sourceTree = "<group>"; };
		84F39A182CE2381900C55918 /* CostumKeyboardView.swift */ = {isa = PBXFileReference; lastKnownFileType = sourcecode.swift; path = CostumKeyboardView.swift; sourceTree = "<group>"; };
		84F39A282CE317B600C55918 /* OTPView.swift */ = {isa = PBXFileReference; lastKnownFileType = sourcecode.swift; path = OTPView.swift; sourceTree = "<group>"; };
		84F39A2B2CE327E900C55918 /* SetUpProfileView.swift */ = {isa = PBXFileReference; lastKnownFileType = sourcecode.swift; path = SetUpProfileView.swift; sourceTree = "<group>"; };
		84F39A2D2CE350F200C55918 /* ImagePicker.swift */ = {isa = PBXFileReference; lastKnownFileType = sourcecode.swift; path = ImagePicker.swift; sourceTree = "<group>"; };
		84F39A362CE355B700C55918 /* ContactsView.swift */ = {isa = PBXFileReference; lastKnownFileType = sourcecode.swift; path = ContactsView.swift; sourceTree = "<group>"; };
		84F39A382CE355C400C55918 /* ChatsView.swift */ = {isa = PBXFileReference; lastKnownFileType = sourcecode.swift; path = ChatsView.swift; sourceTree = "<group>"; };
		84F39A3A2CE355D800C55918 /* MoreView.swift */ = {isa = PBXFileReference; lastKnownFileType = sourcecode.swift; path = MoreView.swift; sourceTree = "<group>"; };
		84F39A3C2CE355E000C55918 /* TabView.swift */ = {isa = PBXFileReference; lastKnownFileType = sourcecode.swift; path = TabView.swift; sourceTree = "<group>"; };
		84F39A422CE4776700C55918 /* AppViewModel.swift */ = {isa = PBXFileReference; lastKnownFileType = sourcecode.swift; path = AppViewModel.swift; sourceTree = "<group>"; };
/* End PBXFileReference section */

/* Begin PBXFileSystemSynchronizedRootGroup section */
		84F399D12CE1E10100C55918 /* LinkUpTests */ = {
			isa = PBXFileSystemSynchronizedRootGroup;
			path = LinkUpTests;
			sourceTree = "<group>";
		};
		84F399D52CE1E10400C55918 /* LinkUpUITests */ = {
			isa = PBXFileSystemSynchronizedRootGroup;
			path = LinkUpUITests;
			sourceTree = "<group>";
		};
/* End PBXFileSystemSynchronizedRootGroup section */

/* Begin PBXFrameworksBuildPhase section */
		84F399862CE1E04800C55918 /* Frameworks */ = {
			isa = PBXFrameworksBuildPhase;
			buildActionMask = 2147483647;
			files = (
				84F399F62CE2204200C55918 /* CountryPicker in Frameworks */,
				84F39A332CE3527300C55918 /* TOCropViewController in Frameworks */,
				84F39A312CE3527300C55918 /* CropViewController in Frameworks */,
			);
			runOnlyForDeploymentPostprocessing = 0;
		};
		84F399972CE1E04A00C55918 /* Frameworks */ = {
			isa = PBXFrameworksBuildPhase;
			buildActionMask = 2147483647;
			files = (
			);
			runOnlyForDeploymentPostprocessing = 0;
		};
		84F399A12CE1E04A00C55918 /* Frameworks */ = {
			isa = PBXFrameworksBuildPhase;
			buildActionMask = 2147483647;
			files = (
			);
			runOnlyForDeploymentPostprocessing = 0;
		};
/* End PBXFrameworksBuildPhase section */

/* Begin PBXGroup section */
		84F399802CE1E04800C55918 = {
			isa = PBXGroup;
			children = (
				84F399BD2CE1E0E400C55918 /* LinkUp */,
				84F399D12CE1E10100C55918 /* LinkUpTests */,
				84F399D52CE1E10400C55918 /* LinkUpUITests */,
				84F3998A2CE1E04800C55918 /* Products */,
			);
			sourceTree = "<group>";
		};
		84F3998A2CE1E04800C55918 /* Products */ = {
			isa = PBXGroup;
			children = (
				84F399892CE1E04800C55918 /* LinkUp.app */,
				84F3999A2CE1E04A00C55918 /* LinkUpTests.xctest */,
				84F399A42CE1E04A00C55918 /* LinkUpUITests.xctest */,
			);
			name = Products;
			sourceTree = "<group>";
		};
		84F399B82CE1E0E400C55918 /* Preview Content */ = {
			isa = PBXGroup;
			children = (
				84F399B72CE1E0E400C55918 /* Preview Assets.xcassets */,
			);
			path = "Preview Content";
			sourceTree = "<group>";
		};
		84F399BD2CE1E0E400C55918 /* LinkUp */ = {
			isa = PBXGroup;
			children = (
				84F39A152CE237DC00C55918 /* Modifiers */,
				84F399E42CE20E9B00C55918 /* Utilities */,
				84F399DD2CE1E13A00C55918 /* Models */,
				84F399DE2CE1E13D00C55918 /* ViewModels */,
				84F399DF2CE1E14000C55918 /* Views */,
				84F399B82CE1E0E400C55918 /* Preview Content */,
				84F399B92CE1E0E400C55918 /* Assets.xcassets */,
				84F399BA2CE1E0E400C55918 /* MainView.swift */,
				84F399BB2CE1E0E400C55918 /* LinkUp.entitlements */,
				84F399BC2CE1E0E400C55918 /* LinkUpApp.swift */,
			);
			path = LinkUp;
			sourceTree = "<group>";
		};
		84F399DD2CE1E13A00C55918 /* Models */ = {
			isa = PBXGroup;
			children = (
			);
			path = Models;
			sourceTree = "<group>";
		};
		84F399DE2CE1E13D00C55918 /* ViewModels */ = {
			isa = PBXGroup;
			children = (
				84F39A412CE4775700C55918 /* AppViewModel */,
			);
			path = ViewModels;
			sourceTree = "<group>";
		};
		84F399DF2CE1E14000C55918 /* Views */ = {
			isa = PBXGroup;
			children = (
				84F39A342CE3557500C55918 /* TabView */,
				84F39A2A2CE327D500C55918 /* SetUpProfile */,
				84F399EF2CE2155300C55918 /* Authentication */,
				84F399E22CE1E4E200C55918 /* LaunchScreen.swift */,
			);
			path = Views;
			sourceTree = "<group>";
		};
		84F399E42CE20E9B00C55918 /* Utilities */ = {
			isa = PBXGroup;
			children = (
				84F399E72CE20EDF00C55918 /* SubmitButton.swift */,
				84F399F72CE234B200C55918 /* YTextField.swift */,
			);
			path = Utilities;
			sourceTree = "<group>";
		};
		84F399EF2CE2155300C55918 /* Authentication */ = {
			isa = PBXGroup;
			children = (
				84F399F02CE2159100C55918 /* EnterPhonenumberView.swift */,
				84F39A282CE317B600C55918 /* OTPView.swift */,
			);
			path = Authentication;
			sourceTree = "<group>";
		};
		84F39A152CE237DC00C55918 /* Modifiers */ = {
			isa = PBXGroup;
			children = (
				84F39A162CE237F800C55918 /* CostumTextFieldWithKeyboard.swift */,
				84F39A182CE2381900C55918 /* CostumKeyboardView.swift */,
				84F39A2D2CE350F200C55918 /* ImagePicker.swift */,
			);
			path = Modifiers;
			sourceTree = "<group>";
		};
		84F39A2A2CE327D500C55918 /* SetUpProfile */ = {
			isa = PBXGroup;
			children = (
				84F39A2B2CE327E900C55918 /* SetUpProfileView.swift */,
			);
			path = SetUpProfile;
			sourceTree = "<group>";
		};
		84F39A342CE3557500C55918 /* TabView */ = {
			isa = PBXGroup;
			children = (
				84F39A3C2CE355E000C55918 /* TabView.swift */,
				84F39A352CE355A800C55918 /* TabViews */,
			);
			path = TabView;
			sourceTree = "<group>";
		};
		84F39A352CE355A800C55918 /* TabViews */ = {
			isa = PBXGroup;
			children = (
				84F39A362CE355B700C55918 /* ContactsView.swift */,
				84F39A382CE355C400C55918 /* ChatsView.swift */,
				84F39A3A2CE355D800C55918 /* MoreView.swift */,
			);
			path = TabViews;
			sourceTree = "<group>";
		};
		84F39A412CE4775700C55918 /* AppViewModel */ = {
			isa = PBXGroup;
			children = (
				84F39A422CE4776700C55918 /* AppViewModel.swift */,
			);
			path = AppViewModel;
			sourceTree = "<group>";
		};
/* End PBXGroup section */

/* Begin PBXNativeTarget section */
		84F399882CE1E04800C55918 /* LinkUp */ = {
			isa = PBXNativeTarget;
			buildConfigurationList = 84F399AE2CE1E04A00C55918 /* Build configuration list for PBXNativeTarget "LinkUp" */;
			buildPhases = (
				84F399852CE1E04800C55918 /* Sources */,
				84F399862CE1E04800C55918 /* Frameworks */,
				84F399872CE1E04800C55918 /* Resources */,
			);
			buildRules = (
			);
			dependencies = (
			);
			name = LinkUp;
			packageProductDependencies = (
				84F399F52CE2204200C55918 /* CountryPicker */,
				84F39A302CE3527300C55918 /* CropViewController */,
				84F39A322CE3527300C55918 /* TOCropViewController */,
			);
			productName = LinkUp;
			productReference = 84F399892CE1E04800C55918 /* LinkUp.app */;
			productType = "com.apple.product-type.application";
		};
		84F399992CE1E04A00C55918 /* LinkUpTests */ = {
			isa = PBXNativeTarget;
			buildConfigurationList = 84F399B12CE1E04A00C55918 /* Build configuration list for PBXNativeTarget "LinkUpTests" */;
			buildPhases = (
				84F399962CE1E04A00C55918 /* Sources */,
				84F399972CE1E04A00C55918 /* Frameworks */,
				84F399982CE1E04A00C55918 /* Resources */,
			);
			buildRules = (
			);
			dependencies = (
				84F3999C2CE1E04A00C55918 /* PBXTargetDependency */,
			);
			fileSystemSynchronizedGroups = (
				84F399D12CE1E10100C55918 /* LinkUpTests */,
			);
			name = LinkUpTests;
			packageProductDependencies = (
			);
			productName = LinkUpTests;
			productReference = 84F3999A2CE1E04A00C55918 /* LinkUpTests.xctest */;
			productType = "com.apple.product-type.bundle.unit-test";
		};
		84F399A32CE1E04A00C55918 /* LinkUpUITests */ = {
			isa = PBXNativeTarget;
			buildConfigurationList = 84F399B42CE1E04A00C55918 /* Build configuration list for PBXNativeTarget "LinkUpUITests" */;
			buildPhases = (
				84F399A02CE1E04A00C55918 /* Sources */,
				84F399A12CE1E04A00C55918 /* Frameworks */,
				84F399A22CE1E04A00C55918 /* Resources */,
			);
			buildRules = (
			);
			dependencies = (
				84F399A62CE1E04A00C55918 /* PBXTargetDependency */,
			);
			fileSystemSynchronizedGroups = (
				84F399D52CE1E10400C55918 /* LinkUpUITests */,
			);
			name = LinkUpUITests;
			packageProductDependencies = (
			);
			productName = LinkUpUITests;
			productReference = 84F399A42CE1E04A00C55918 /* LinkUpUITests.xctest */;
			productType = "com.apple.product-type.bundle.ui-testing";
		};
/* End PBXNativeTarget section */

/* Begin PBXProject section */
		84F399812CE1E04800C55918 /* Project object */ = {
			isa = PBXProject;
			attributes = {
				BuildIndependentTargetsInParallel = 1;
				LastSwiftUpdateCheck = 1600;
				LastUpgradeCheck = 1600;
				TargetAttributes = {
					84F399882CE1E04800C55918 = {
						CreatedOnToolsVersion = 16.0;
					};
					84F399992CE1E04A00C55918 = {
						CreatedOnToolsVersion = 16.0;
						TestTargetID = 84F399882CE1E04800C55918;
					};
					84F399A32CE1E04A00C55918 = {
						CreatedOnToolsVersion = 16.0;
						TestTargetID = 84F399882CE1E04800C55918;
					};
				};
			};
			buildConfigurationList = 84F399842CE1E04800C55918 /* Build configuration list for PBXProject "LinkUp" */;
			developmentRegion = en;
			hasScannedForEncodings = 0;
			knownRegions = (
				en,
				Base,
			);
			mainGroup = 84F399802CE1E04800C55918;
			minimizedProjectReferenceProxies = 1;
			packageReferences = (
				84F399F42CE2204200C55918 /* XCRemoteSwiftPackageReference "CountryPicker" */,
				84F39A2F2CE3527300C55918 /* XCRemoteSwiftPackageReference "TOCropViewController" */,
			);
			preferredProjectObjectVersion = 77;
			productRefGroup = 84F3998A2CE1E04800C55918 /* Products */;
			projectDirPath = "";
			projectRoot = "";
			targets = (
				84F399882CE1E04800C55918 /* LinkUp */,
				84F399992CE1E04A00C55918 /* LinkUpTests */,
				84F399A32CE1E04A00C55918 /* LinkUpUITests */,
			);
		};
/* End PBXProject section */

/* Begin PBXResourcesBuildPhase section */
		84F399872CE1E04800C55918 /* Resources */ = {
			isa = PBXResourcesBuildPhase;
			buildActionMask = 2147483647;
			files = (
				84F399BE2CE1E0E400C55918 /* Preview Assets.xcassets in Resources */,
				84F399BF2CE1E0E400C55918 /* Assets.xcassets in Resources */,
			);
			runOnlyForDeploymentPostprocessing = 0;
		};
		84F399982CE1E04A00C55918 /* Resources */ = {
			isa = PBXResourcesBuildPhase;
			buildActionMask = 2147483647;
			files = (
			);
			runOnlyForDeploymentPostprocessing = 0;
		};
		84F399A22CE1E04A00C55918 /* Resources */ = {
			isa = PBXResourcesBuildPhase;
			buildActionMask = 2147483647;
			files = (
			);
			runOnlyForDeploymentPostprocessing = 0;
		};
/* End PBXResourcesBuildPhase section */

/* Begin PBXSourcesBuildPhase section */
		84F399852CE1E04800C55918 /* Sources */ = {
			isa = PBXSourcesBuildPhase;
			buildActionMask = 2147483647;
			files = (
				84F399C02CE1E0E400C55918 /* MainView.swift in Sources */,
				84F399E82CE20EDF00C55918 /* SubmitButton.swift in Sources */,
				84F39A392CE355C400C55918 /* ChatsView.swift in Sources */,
				84F39A192CE2381900C55918 /* CostumKeyboardView.swift in Sources */,
				84F399F12CE2159100C55918 /* EnterPhonenumberView.swift in Sources */,
				84F399C12CE1E0E400C55918 /* LinkUpApp.swift in Sources */,
				84F39A292CE317B600C55918 /* OTPView.swift in Sources */,
				84F39A3B2CE355D800C55918 /* MoreView.swift in Sources */,
				84F39A2C2CE327E900C55918 /* SetUpProfileView.swift in Sources */,
				84F39A2E2CE350F200C55918 /* ImagePicker.swift in Sources */,
				84F39A432CE4776700C55918 /* AppViewModel.swift in Sources */,
				84F39A3D2CE355E000C55918 /* TabView.swift in Sources */,
				84F39A372CE355B700C55918 /* ContactsView.swift in Sources */,
				84F399E32CE1E4E200C55918 /* LaunchScreen.swift in Sources */,
				84F399F82CE234B200C55918 /* YTextField.swift in Sources */,
				84F39A172CE237F800C55918 /* CostumTextFieldWithKeyboard.swift in Sources */,
			);
			runOnlyForDeploymentPostprocessing = 0;
		};
		84F399962CE1E04A00C55918 /* Sources */ = {
			isa = PBXSourcesBuildPhase;
			buildActionMask = 2147483647;
			files = (
			);
			runOnlyForDeploymentPostprocessing = 0;
		};
		84F399A02CE1E04A00C55918 /* Sources */ = {
			isa = PBXSourcesBuildPhase;
			buildActionMask = 2147483647;
			files = (
			);
			runOnlyForDeploymentPostprocessing = 0;
		};
/* End PBXSourcesBuildPhase section */

/* Begin PBXTargetDependency section */
		84F3999C2CE1E04A00C55918 /* PBXTargetDependency */ = {
			isa = PBXTargetDependency;
			target = 84F399882CE1E04800C55918 /* LinkUp */;
			targetProxy = 84F3999B2CE1E04A00C55918 /* PBXContainerItemProxy */;
		};
		84F399A62CE1E04A00C55918 /* PBXTargetDependency */ = {
			isa = PBXTargetDependency;
			target = 84F399882CE1E04800C55918 /* LinkUp */;
			targetProxy = 84F399A52CE1E04A00C55918 /* PBXContainerItemProxy */;
		};
/* End PBXTargetDependency section */

/* Begin XCBuildConfiguration section */
		84F399AC2CE1E04A00C55918 /* Debug */ = {
			isa = XCBuildConfiguration;
			buildSettings = {
				ALWAYS_SEARCH_USER_PATHS = NO;
				ASSETCATALOG_COMPILER_GENERATE_SWIFT_ASSET_SYMBOL_EXTENSIONS = YES;
				CLANG_ANALYZER_NONNULL = YES;
				CLANG_ANALYZER_NUMBER_OBJECT_CONVERSION = YES_AGGRESSIVE;
				CLANG_CXX_LANGUAGE_STANDARD = "gnu++20";
				CLANG_ENABLE_MODULES = YES;
				CLANG_ENABLE_OBJC_ARC = YES;
				CLANG_ENABLE_OBJC_WEAK = YES;
				CLANG_WARN_BLOCK_CAPTURE_AUTORELEASING = YES;
				CLANG_WARN_BOOL_CONVERSION = YES;
				CLANG_WARN_COMMA = YES;
				CLANG_WARN_CONSTANT_CONVERSION = YES;
				CLANG_WARN_DEPRECATED_OBJC_IMPLEMENTATIONS = YES;
				CLANG_WARN_DIRECT_OBJC_ISA_USAGE = YES_ERROR;
				CLANG_WARN_DOCUMENTATION_COMMENTS = YES;
				CLANG_WARN_EMPTY_BODY = YES;
				CLANG_WARN_ENUM_CONVERSION = YES;
				CLANG_WARN_INFINITE_RECURSION = YES;
				CLANG_WARN_INT_CONVERSION = YES;
				CLANG_WARN_NON_LITERAL_NULL_CONVERSION = YES;
				CLANG_WARN_OBJC_IMPLICIT_RETAIN_SELF = YES;
				CLANG_WARN_OBJC_LITERAL_CONVERSION = YES;
				CLANG_WARN_OBJC_ROOT_CLASS = YES_ERROR;
				CLANG_WARN_QUOTED_INCLUDE_IN_FRAMEWORK_HEADER = YES;
				CLANG_WARN_RANGE_LOOP_ANALYSIS = YES;
				CLANG_WARN_STRICT_PROTOTYPES = YES;
				CLANG_WARN_SUSPICIOUS_MOVE = YES;
				CLANG_WARN_UNGUARDED_AVAILABILITY = YES_AGGRESSIVE;
				CLANG_WARN_UNREACHABLE_CODE = YES;
				CLANG_WARN__DUPLICATE_METHOD_MATCH = YES;
				COPY_PHASE_STRIP = NO;
				DEBUG_INFORMATION_FORMAT = dwarf;
				ENABLE_STRICT_OBJC_MSGSEND = YES;
				ENABLE_TESTABILITY = YES;
				ENABLE_USER_SCRIPT_SANDBOXING = YES;
				GCC_C_LANGUAGE_STANDARD = gnu17;
				GCC_DYNAMIC_NO_PIC = NO;
				GCC_NO_COMMON_BLOCKS = YES;
				GCC_OPTIMIZATION_LEVEL = 0;
				GCC_PREPROCESSOR_DEFINITIONS = (
					"DEBUG=1",
					"$(inherited)",
				);
				GCC_WARN_64_TO_32_BIT_CONVERSION = YES;
				GCC_WARN_ABOUT_RETURN_TYPE = YES_ERROR;
				GCC_WARN_UNDECLARED_SELECTOR = YES;
				GCC_WARN_UNINITIALIZED_AUTOS = YES_AGGRESSIVE;
				GCC_WARN_UNUSED_FUNCTION = YES;
				GCC_WARN_UNUSED_VARIABLE = YES;
				LOCALIZATION_PREFERS_STRING_CATALOGS = YES;
				MTL_ENABLE_DEBUG_INFO = INCLUDE_SOURCE;
				MTL_FAST_MATH = YES;
				ONLY_ACTIVE_ARCH = YES;
				SWIFT_ACTIVE_COMPILATION_CONDITIONS = "DEBUG $(inherited)";
				SWIFT_OPTIMIZATION_LEVEL = "-Onone";
			};
			name = Debug;
		};
		84F399AD2CE1E04A00C55918 /* Release */ = {
			isa = XCBuildConfiguration;
			buildSettings = {
				ALWAYS_SEARCH_USER_PATHS = NO;
				ASSETCATALOG_COMPILER_GENERATE_SWIFT_ASSET_SYMBOL_EXTENSIONS = YES;
				CLANG_ANALYZER_NONNULL = YES;
				CLANG_ANALYZER_NUMBER_OBJECT_CONVERSION = YES_AGGRESSIVE;
				CLANG_CXX_LANGUAGE_STANDARD = "gnu++20";
				CLANG_ENABLE_MODULES = YES;
				CLANG_ENABLE_OBJC_ARC = YES;
				CLANG_ENABLE_OBJC_WEAK = YES;
				CLANG_WARN_BLOCK_CAPTURE_AUTORELEASING = YES;
				CLANG_WARN_BOOL_CONVERSION = YES;
				CLANG_WARN_COMMA = YES;
				CLANG_WARN_CONSTANT_CONVERSION = YES;
				CLANG_WARN_DEPRECATED_OBJC_IMPLEMENTATIONS = YES;
				CLANG_WARN_DIRECT_OBJC_ISA_USAGE = YES_ERROR;
				CLANG_WARN_DOCUMENTATION_COMMENTS = YES;
				CLANG_WARN_EMPTY_BODY = YES;
				CLANG_WARN_ENUM_CONVERSION = YES;
				CLANG_WARN_INFINITE_RECURSION = YES;
				CLANG_WARN_INT_CONVERSION = YES;
				CLANG_WARN_NON_LITERAL_NULL_CONVERSION = YES;
				CLANG_WARN_OBJC_IMPLICIT_RETAIN_SELF = YES;
				CLANG_WARN_OBJC_LITERAL_CONVERSION = YES;
				CLANG_WARN_OBJC_ROOT_CLASS = YES_ERROR;
				CLANG_WARN_QUOTED_INCLUDE_IN_FRAMEWORK_HEADER = YES;
				CLANG_WARN_RANGE_LOOP_ANALYSIS = YES;
				CLANG_WARN_STRICT_PROTOTYPES = YES;
				CLANG_WARN_SUSPICIOUS_MOVE = YES;
				CLANG_WARN_UNGUARDED_AVAILABILITY = YES_AGGRESSIVE;
				CLANG_WARN_UNREACHABLE_CODE = YES;
				CLANG_WARN__DUPLICATE_METHOD_MATCH = YES;
				COPY_PHASE_STRIP = NO;
				DEBUG_INFORMATION_FORMAT = "dwarf-with-dsym";
				ENABLE_NS_ASSERTIONS = NO;
				ENABLE_STRICT_OBJC_MSGSEND = YES;
				ENABLE_USER_SCRIPT_SANDBOXING = YES;
				GCC_C_LANGUAGE_STANDARD = gnu17;
				GCC_NO_COMMON_BLOCKS = YES;
				GCC_WARN_64_TO_32_BIT_CONVERSION = YES;
				GCC_WARN_ABOUT_RETURN_TYPE = YES_ERROR;
				GCC_WARN_UNDECLARED_SELECTOR = YES;
				GCC_WARN_UNINITIALIZED_AUTOS = YES_AGGRESSIVE;
				GCC_WARN_UNUSED_FUNCTION = YES;
				GCC_WARN_UNUSED_VARIABLE = YES;
				LOCALIZATION_PREFERS_STRING_CATALOGS = YES;
				MTL_ENABLE_DEBUG_INFO = NO;
				MTL_FAST_MATH = YES;
				SWIFT_COMPILATION_MODE = wholemodule;
			};
			name = Release;
		};
		84F399AF2CE1E04A00C55918 /* Debug */ = {
			isa = XCBuildConfiguration;
			buildSettings = {
				ASSETCATALOG_COMPILER_APPICON_NAME = AppIcon;
				ASSETCATALOG_COMPILER_GLOBAL_ACCENT_COLOR_NAME = AccentColor;
				CODE_SIGN_ENTITLEMENTS = LinkUp/LinkUp.entitlements;
				CODE_SIGN_STYLE = Automatic;
				CURRENT_PROJECT_VERSION = 1;
				DEVELOPMENT_ASSET_PATHS = "\"LinkUp/Preview Content\"";
				DEVELOPMENT_TEAM = 98RHHYF7KQ;
				ENABLE_HARDENED_RUNTIME = YES;
				ENABLE_PREVIEWS = YES;
				GENERATE_INFOPLIST_FILE = YES;
				"INFOPLIST_KEY_UIApplicationSceneManifest_Generation[sdk=iphoneos*]" = YES;
				"INFOPLIST_KEY_UIApplicationSceneManifest_Generation[sdk=iphonesimulator*]" = YES;
				"INFOPLIST_KEY_UIApplicationSupportsIndirectInputEvents[sdk=iphoneos*]" = YES;
				"INFOPLIST_KEY_UIApplicationSupportsIndirectInputEvents[sdk=iphonesimulator*]" = YES;
				"INFOPLIST_KEY_UILaunchScreen_Generation[sdk=iphoneos*]" = YES;
				"INFOPLIST_KEY_UILaunchScreen_Generation[sdk=iphonesimulator*]" = YES;
				"INFOPLIST_KEY_UIStatusBarStyle[sdk=iphoneos*]" = UIStatusBarStyleDefault;
				"INFOPLIST_KEY_UIStatusBarStyle[sdk=iphonesimulator*]" = UIStatusBarStyleDefault;
				INFOPLIST_KEY_UISupportedInterfaceOrientations_iPad = "UIInterfaceOrientationPortrait UIInterfaceOrientationPortraitUpsideDown UIInterfaceOrientationLandscapeLeft UIInterfaceOrientationLandscapeRight";
				INFOPLIST_KEY_UISupportedInterfaceOrientations_iPhone = "UIInterfaceOrientationPortrait UIInterfaceOrientationLandscapeLeft UIInterfaceOrientationLandscapeRight";
				IPHONEOS_DEPLOYMENT_TARGET = 18.0;
				LD_RUNPATH_SEARCH_PATHS = "@executable_path/Frameworks";
				"LD_RUNPATH_SEARCH_PATHS[sdk=macosx*]" = "@executable_path/../Frameworks";
				MACOSX_DEPLOYMENT_TARGET = 14.7;
				MARKETING_VERSION = 1.0;
				PRODUCT_BUNDLE_IDENTIFIER = travelMap.LinkUp;
				PRODUCT_NAME = "$(TARGET_NAME)";
				SDKROOT = auto;
				SUPPORTED_PLATFORMS = "iphoneos iphonesimulator macosx xros xrsimulator";
				SWIFT_EMIT_LOC_STRINGS = YES;
				SWIFT_VERSION = 5.0;
				TARGETED_DEVICE_FAMILY = "1,2,7";
				XROS_DEPLOYMENT_TARGET = 2.0;
			};
			name = Debug;
		};
		84F399B02CE1E04A00C55918 /* Release */ = {
			isa = XCBuildConfiguration;
			buildSettings = {
				ASSETCATALOG_COMPILER_APPICON_NAME = AppIcon;
				ASSETCATALOG_COMPILER_GLOBAL_ACCENT_COLOR_NAME = AccentColor;
				CODE_SIGN_ENTITLEMENTS = LinkUp/LinkUp.entitlements;
				CODE_SIGN_STYLE = Automatic;
				CURRENT_PROJECT_VERSION = 1;
				DEVELOPMENT_ASSET_PATHS = "\"LinkUp/Preview Content\"";
				DEVELOPMENT_TEAM = 98RHHYF7KQ;
				ENABLE_HARDENED_RUNTIME = YES;
				ENABLE_PREVIEWS = YES;
				GENERATE_INFOPLIST_FILE = YES;
				"INFOPLIST_KEY_UIApplicationSceneManifest_Generation[sdk=iphoneos*]" = YES;
				"INFOPLIST_KEY_UIApplicationSceneManifest_Generation[sdk=iphonesimulator*]" = YES;
				"INFOPLIST_KEY_UIApplicationSupportsIndirectInputEvents[sdk=iphoneos*]" = YES;
				"INFOPLIST_KEY_UIApplicationSupportsIndirectInputEvents[sdk=iphonesimulator*]" = YES;
				"INFOPLIST_KEY_UILaunchScreen_Generation[sdk=iphoneos*]" = YES;
				"INFOPLIST_KEY_UILaunchScreen_Generation[sdk=iphonesimulator*]" = YES;
				"INFOPLIST_KEY_UIStatusBarStyle[sdk=iphoneos*]" = UIStatusBarStyleDefault;
				"INFOPLIST_KEY_UIStatusBarStyle[sdk=iphonesimulator*]" = UIStatusBarStyleDefault;
				INFOPLIST_KEY_UISupportedInterfaceOrientations_iPad = "UIInterfaceOrientationPortrait UIInterfaceOrientationPortraitUpsideDown UIInterfaceOrientationLandscapeLeft UIInterfaceOrientationLandscapeRight";
				INFOPLIST_KEY_UISupportedInterfaceOrientations_iPhone = "UIInterfaceOrientationPortrait UIInterfaceOrientationLandscapeLeft UIInterfaceOrientationLandscapeRight";
				IPHONEOS_DEPLOYMENT_TARGET = 18.0;
				LD_RUNPATH_SEARCH_PATHS = "@executable_path/Frameworks";
				"LD_RUNPATH_SEARCH_PATHS[sdk=macosx*]" = "@executable_path/../Frameworks";
				MACOSX_DEPLOYMENT_TARGET = 14.7;
				MARKETING_VERSION = 1.0;
				PRODUCT_BUNDLE_IDENTIFIER = travelMap.LinkUp;
				PRODUCT_NAME = "$(TARGET_NAME)";
				SDKROOT = auto;
				SUPPORTED_PLATFORMS = "iphoneos iphonesimulator macosx xros xrsimulator";
				SWIFT_EMIT_LOC_STRINGS = YES;
				SWIFT_VERSION = 5.0;
				TARGETED_DEVICE_FAMILY = "1,2,7";
				XROS_DEPLOYMENT_TARGET = 2.0;
			};
			name = Release;
		};
		84F399B22CE1E04A00C55918 /* Debug */ = {
			isa = XCBuildConfiguration;
			buildSettings = {
				BUNDLE_LOADER = "$(TEST_HOST)";
				CODE_SIGN_STYLE = Automatic;
				CURRENT_PROJECT_VERSION = 1;
				DEVELOPMENT_TEAM = 98RHHYF7KQ;
				GENERATE_INFOPLIST_FILE = YES;
				IPHONEOS_DEPLOYMENT_TARGET = 18.0;
				MACOSX_DEPLOYMENT_TARGET = 14.7;
				MARKETING_VERSION = 1.0;
				PRODUCT_BUNDLE_IDENTIFIER = travelMap.LinkUpTests;
				PRODUCT_NAME = "$(TARGET_NAME)";
				SDKROOT = auto;
				SUPPORTED_PLATFORMS = "iphoneos iphonesimulator macosx xros xrsimulator";
				SWIFT_EMIT_LOC_STRINGS = NO;
				SWIFT_VERSION = 5.0;
				TARGETED_DEVICE_FAMILY = "1,2,7";
				TEST_HOST = "$(BUILT_PRODUCTS_DIR)/LinkUp.app/$(BUNDLE_EXECUTABLE_FOLDER_PATH)/LinkUp";
				XROS_DEPLOYMENT_TARGET = 2.0;
			};
			name = Debug;
		};
		84F399B32CE1E04A00C55918 /* Release */ = {
			isa = XCBuildConfiguration;
			buildSettings = {
				BUNDLE_LOADER = "$(TEST_HOST)";
				CODE_SIGN_STYLE = Automatic;
				CURRENT_PROJECT_VERSION = 1;
				DEVELOPMENT_TEAM = 98RHHYF7KQ;
				GENERATE_INFOPLIST_FILE = YES;
				IPHONEOS_DEPLOYMENT_TARGET = 18.0;
				MACOSX_DEPLOYMENT_TARGET = 14.7;
				MARKETING_VERSION = 1.0;
				PRODUCT_BUNDLE_IDENTIFIER = travelMap.LinkUpTests;
				PRODUCT_NAME = "$(TARGET_NAME)";
				SDKROOT = auto;
				SUPPORTED_PLATFORMS = "iphoneos iphonesimulator macosx xros xrsimulator";
				SWIFT_EMIT_LOC_STRINGS = NO;
				SWIFT_VERSION = 5.0;
				TARGETED_DEVICE_FAMILY = "1,2,7";
				TEST_HOST = "$(BUILT_PRODUCTS_DIR)/LinkUp.app/$(BUNDLE_EXECUTABLE_FOLDER_PATH)/LinkUp";
				XROS_DEPLOYMENT_TARGET = 2.0;
			};
			name = Release;
		};
		84F399B52CE1E04A00C55918 /* Debug */ = {
			isa = XCBuildConfiguration;
			buildSettings = {
				CODE_SIGN_STYLE = Automatic;
				CURRENT_PROJECT_VERSION = 1;
				DEVELOPMENT_TEAM = 98RHHYF7KQ;
				GENERATE_INFOPLIST_FILE = YES;
				IPHONEOS_DEPLOYMENT_TARGET = 18.0;
				MACOSX_DEPLOYMENT_TARGET = 14.7;
				MARKETING_VERSION = 1.0;
				PRODUCT_BUNDLE_IDENTIFIER = travelMap.LinkUpUITests;
				PRODUCT_NAME = "$(TARGET_NAME)";
				SDKROOT = auto;
				SUPPORTED_PLATFORMS = "iphoneos iphonesimulator macosx xros xrsimulator";
				SWIFT_EMIT_LOC_STRINGS = NO;
				SWIFT_VERSION = 5.0;
				TARGETED_DEVICE_FAMILY = "1,2,7";
				TEST_TARGET_NAME = LinkUp;
				XROS_DEPLOYMENT_TARGET = 2.0;
			};
			name = Debug;
		};
		84F399B62CE1E04A00C55918 /* Release */ = {
			isa = XCBuildConfiguration;
			buildSettings = {
				CODE_SIGN_STYLE = Automatic;
				CURRENT_PROJECT_VERSION = 1;
				DEVELOPMENT_TEAM = 98RHHYF7KQ;
				GENERATE_INFOPLIST_FILE = YES;
				IPHONEOS_DEPLOYMENT_TARGET = 18.0;
				MACOSX_DEPLOYMENT_TARGET = 14.7;
				MARKETING_VERSION = 1.0;
				PRODUCT_BUNDLE_IDENTIFIER = travelMap.LinkUpUITests;
				PRODUCT_NAME = "$(TARGET_NAME)";
				SDKROOT = auto;
				SUPPORTED_PLATFORMS = "iphoneos iphonesimulator macosx xros xrsimulator";
				SWIFT_EMIT_LOC_STRINGS = NO;
				SWIFT_VERSION = 5.0;
				TARGETED_DEVICE_FAMILY = "1,2,7";
				TEST_TARGET_NAME = LinkUp;
				XROS_DEPLOYMENT_TARGET = 2.0;
			};
			name = Release;
		};
/* End XCBuildConfiguration section */

/* Begin XCConfigurationList section */
		84F399842CE1E04800C55918 /* Build configuration list for PBXProject "LinkUp" */ = {
			isa = XCConfigurationList;
			buildConfigurations = (
				84F399AC2CE1E04A00C55918 /* Debug */,
				84F399AD2CE1E04A00C55918 /* Release */,
			);
			defaultConfigurationIsVisible = 0;
			defaultConfigurationName = Release;
		};
		84F399AE2CE1E04A00C55918 /* Build configuration list for PBXNativeTarget "LinkUp" */ = {
			isa = XCConfigurationList;
			buildConfigurations = (
				84F399AF2CE1E04A00C55918 /* Debug */,
				84F399B02CE1E04A00C55918 /* Release */,
			);
			defaultConfigurationIsVisible = 0;
			defaultConfigurationName = Release;
		};
		84F399B12CE1E04A00C55918 /* Build configuration list for PBXNativeTarget "LinkUpTests" */ = {
			isa = XCConfigurationList;
			buildConfigurations = (
				84F399B22CE1E04A00C55918 /* Debug */,
				84F399B32CE1E04A00C55918 /* Release */,
			);
			defaultConfigurationIsVisible = 0;
			defaultConfigurationName = Release;
		};
		84F399B42CE1E04A00C55918 /* Build configuration list for PBXNativeTarget "LinkUpUITests" */ = {
			isa = XCConfigurationList;
			buildConfigurations = (
				84F399B52CE1E04A00C55918 /* Debug */,
				84F399B62CE1E04A00C55918 /* Release */,
			);
			defaultConfigurationIsVisible = 0;
			defaultConfigurationName = Release;
		};
/* End XCConfigurationList section */

/* Begin XCRemoteSwiftPackageReference section */
		84F399F42CE2204200C55918 /* XCRemoteSwiftPackageReference "CountryPicker" */ = {
			isa = XCRemoteSwiftPackageReference;
			repositoryURL = "https://github.com/SURYAKANTSHARMA/CountryPicker.git";
			requirement = {
				kind = upToNextMajorVersion;
				minimumVersion = 4.0.0;
			};
		};
		84F39A2F2CE3527300C55918 /* XCRemoteSwiftPackageReference "TOCropViewController" */ = {
			isa = XCRemoteSwiftPackageReference;
			repositoryURL = "https://github.com/TimOliver/TOCropViewController";
			requirement = {
				kind = upToNextMajorVersion;
				minimumVersion = 2.7.4;
			};
		};
/* End XCRemoteSwiftPackageReference section */

/* Begin XCSwiftPackageProductDependency section */
		84F399F52CE2204200C55918 /* CountryPicker */ = {
			isa = XCSwiftPackageProductDependency;
			package = 84F399F42CE2204200C55918 /* XCRemoteSwiftPackageReference "CountryPicker" */;
			productName = CountryPicker;
		};
		84F39A302CE3527300C55918 /* CropViewController */ = {
			isa = XCSwiftPackageProductDependency;
			package = 84F39A2F2CE3527300C55918 /* XCRemoteSwiftPackageReference "TOCropViewController" */;
			productName = CropViewController;
		};
		84F39A322CE3527300C55918 /* TOCropViewController */ = {
			isa = XCSwiftPackageProductDependency;
			package = 84F39A2F2CE3527300C55918 /* XCRemoteSwiftPackageReference "TOCropViewController" */;
			productName = TOCropViewController;
		};
/* End XCSwiftPackageProductDependency section */
	};
	rootObject = 84F399812CE1E04800C55918 /* Project object */;
}
