{
  "originHash" : "6e023e14b3a4fc6701b61dec553eaf39fe65bff7c4efdbaab82b8e69f7e9306e",
  "pins" : [
    {
      "identity" : "countrypicker",
      "kind" : "remoteSourceControl",
      "location" : "https://github.com/SURYAKANTSHARMA/CountryPicker.git",
      "state" : {
        "revision" : "416404cce633a2039846ae2cb6951fd93cf7d588",
        "version" : "4.0.0"
      }
    },
    {
      "identity" : "tocropviewcontroller",
      "kind" : "remoteSourceControl",
      "location" : "https://github.com/TimOliver/TOCropViewController",
      "state" : {
        "revision" : "a634cb7cdfd580006e79a6e74e64417fe9e9783b",
        "version" : "2.7.4"
      }
    }
  ],
  "version" : 3
}
